{
  "version": "5",
  "specifiers": {
    "jsr:@hono/hono@^4.1.0": "4.6.16",
    "jsr:@std/dotenv@0.220": "0.220.1"
  },
  "jsr": {
    "@hono/hono@4.6.16": {
      "integrity": "b540c6b1352d73142895f7bb6bfd0b6cc514ede61c12940338c4ae5dd06cb326"
    },
    "@std/dotenv@0.220.1": {
      "integrity": "cf7e6f793b65ae7af1d29e3cea373cd69e21f98b096ee4a58588b4cdbc06cf31"
    }
  },
  "workspace": {
    "dependencies": [
      "jsr:@hono/hono@^4.1.0",
      "jsr:@std/dotenv@0.220"
    ]
  }
}
